
Microsoft Visual Studio Solution File, Format Version 12.00
# Visual Studio Version 17
VisualStudioVersion = 17.3.32901.215
MinimumVisualStudioVersion = 10.0.40219.1
Project("{FAE04EC0-301F-11D3-BF4B-00C04F79EFBC}") = "1146422_ITJF_LABORATORIO 5", "1146422_ITJF_LABORATORIO 5\1146422_ITJF_LABORATORIO 5.csproj", "{D23CF7BA-1722-4001-A305-797E8A5AF663}"
EndProject
Global
	GlobalSection(SolutionConfigurationPlatforms) = preSolution
		Debug|Any CPU = Debug|Any CPU
		Release|Any CPU = Release|Any CPU
	EndGlobalSection
	GlobalSection(ProjectConfigurationPlatforms) = postSolution
		{D23CF7BA-1722-4001-A305-797E8A5AF663}.Debug|Any CPU.ActiveCfg = Debug|Any CPU
		{D23CF7BA-1722-4001-A305-797E8A5AF663}.Debug|Any CPU.Build.0 = Debug|Any CPU
		{D23CF7BA-1722-4001-A305-797E8A5AF663}.Release|Any CPU.ActiveCfg = Release|Any CPU
		{D23CF7BA-1722-4001-A305-797E8A5AF663}.Release|Any CPU.Build.0 = Release|Any CPU
	EndGlobalSection
	GlobalSection(SolutionProperties) = preSolution
		HideSolutionNode = FALSE
	EndGlobalSection
	GlobalSection(ExtensibilityGlobals) = postSolution
		SolutionGuid = {ADFF4A82-5AB4-4E5D-AABF-6DAE72D7CF34}
	EndGlobalSection
EndGlobal
